// !$*UTF8*$!
{
	archiveVersion = 1;
	classes = {
	};
	objectVersion = 51;
	objects = {

/* Begin PBXBuildFile section */
		20478060F86F63EB1526DA6E /* Pods_ChaChat_ChaChatUITests.framework in Frameworks */ = {isa = PBXBuildFile; fileRef = 360F97B2BDB2D0A535DD7057 /* Pods_ChaChat_ChaChatUITests.framework */; };
		3F2F6920B9AEF89A33A3A789 /* Pods_ChaChat.framework in Frameworks */ = {isa = PBXBuildFile; fileRef = AD3EF24CEDB1C788407573E7 /* Pods_ChaChat.framework */; };
		521AB582D0FEA0168936244B /* Pods_ChaChatTests.framework in Frameworks */ = {isa = PBXBuildFile; fileRef = 2A64B1087CE45058FD57BAD8 /* Pods_ChaChatTests.framework */; };
		D41291E224E6CC110018CC03 /* AppDelegate.swift in Sources */ = {isa = PBXBuildFile; fileRef = D41291E124E6CC110018CC03 /* AppDelegate.swift */; };
		D41291E424E6CC110018CC03 /* SceneDelegate.swift in Sources */ = {isa = PBXBuildFile; fileRef = D41291E324E6CC110018CC03 /* SceneDelegate.swift */; };
		D41291EB24E6CC140018CC03 /* Assets.xcassets in Resources */ = {isa = PBXBuildFile; fileRef = D41291EA24E6CC140018CC03 /* Assets.xcassets */; };
		D41291EE24E6CC140018CC03 /* LaunchScreen.storyboard in Resources */ = {isa = PBXBuildFile; fileRef = D41291EC24E6CC140018CC03 /* LaunchScreen.storyboard */; };
		D41291F924E6CC140018CC03 /* ChaChatTests.swift in Sources */ = {isa = PBXBuildFile; fileRef = D41291F824E6CC140018CC03 /* ChaChatTests.swift */; };
		D412920424E6CC140018CC03 /* ChaChatUITests.swift in Sources */ = {isa = PBXBuildFile; fileRef = D412920324E6CC140018CC03 /* ChaChatUITests.swift */; };
		D412921424E6D0D40018CC03 /* ChatListViewController.swift in Sources */ = {isa = PBXBuildFile; fileRef = D412921324E6D0D40018CC03 /* ChatListViewController.swift */; };
		D412921624E7429C0018CC03 /* ChatList.storyboard in Resources */ = {isa = PBXBuildFile; fileRef = D412921524E7429C0018CC03 /* ChatList.storyboard */; };
		D4A8D7D324E752340040BC11 /* ChatRoomTableViewCell.xib in Resources */ = {isa = PBXBuildFile; fileRef = D4A8D7D224E752340040BC11 /* ChatRoomTableViewCell.xib */; };
		D4A8D7D524E758860040BC11 /* ChatRoomTableViewCell.swift in Sources */ = {isa = PBXBuildFile; fileRef = D4A8D7D424E758860040BC11 /* ChatRoomTableViewCell.swift */; };
		D4A8D7DA24E761AD0040BC11 /* ChatInputAccessoryView.xib in Resources */ = {isa = PBXBuildFile; fileRef = D4A8D7D924E761AD0040BC11 /* ChatInputAccessoryView.xib */; };
		D4A8D7DC24E763820040BC11 /* ChatInputAccessoryView.swift in Sources */ = {isa = PBXBuildFile; fileRef = D4A8D7DB24E763820040BC11 /* ChatInputAccessoryView.swift */; };
		D4A8D7DE24E7D2F80040BC11 /* GoogleService-Info.plist in Resources */ = {isa = PBXBuildFile; fileRef = D4A8D7DD24E7D2F80040BC11 /* GoogleService-Info.plist */; };
		D4A8D81C24E7F4340040BC11 /* SignUp.storyboard in Resources */ = {isa = PBXBuildFile; fileRef = D4A8D81B24E7F4340040BC11 /* SignUp.storyboard */; };
		D4A8D81E24E7F8740040BC11 /* SignUpViewController.swift in Sources */ = {isa = PBXBuildFile; fileRef = D4A8D81D24E7F8740040BC11 /* SignUpViewController.swift */; };
		D4BDCC9A24E7446E00B7910F /* UIColor-Extension.swift in Sources */ = {isa = PBXBuildFile; fileRef = D4BDCC9924E7446E00B7910F /* UIColor-Extension.swift */; };
		D4BDCC9C24E74BAE00B7910F /* ChatRoom.storyboard in Resources */ = {isa = PBXBuildFile; fileRef = D4BDCC9B24E74BAE00B7910F /* ChatRoom.storyboard */; };
		D4BDCC9E24E74C2600B7910F /* ChatRoomViewController.swift in Sources */ = {isa = PBXBuildFile; fileRef = D4BDCC9D24E74C2600B7910F /* ChatRoomViewController.swift */; };
/* End PBXBuildFile section */

/* Begin PBXContainerItemProxy section */
		D41291F524E6CC140018CC03 /* PBXContainerItemProxy */ = {
			isa = PBXContainerItemProxy;
			containerPortal = D41291D624E6CC110018CC03 /* Project object */;
			proxyType = 1;
			remoteGlobalIDString = D41291DD24E6CC110018CC03;
			remoteInfo = ChaChat;
		};
		D412920024E6CC140018CC03 /* PBXContainerItemProxy */ = {
			isa = PBXContainerItemProxy;
			containerPortal = D41291D624E6CC110018CC03 /* Project object */;
			proxyType = 1;
			remoteGlobalIDString = D41291DD24E6CC110018CC03;
			remoteInfo = ChaChat;
		};
/* End PBXContainerItemProxy section */

/* Begin PBXFileReference section */
		0592BEEAFF4B755FC60047F7 /* Pods-ChaChatTests.release.xcconfig */ = {isa = PBXFileReference; includeInIndex = 1; lastKnownFileType = text.xcconfig; name = "Pods-ChaChatTests.release.xcconfig"; path = "Target Support Files/Pods-ChaChatTests/Pods-ChaChatTests.release.xcconfig"; sourceTree = "<group>"; };
		2A64B1087CE45058FD57BAD8 /* Pods_ChaChatTests.framework */ = {isa = PBXFileReference; explicitFileType = wrapper.framework; includeInIndex = 0; path = Pods_ChaChatTests.framework; sourceTree = BUILT_PRODUCTS_DIR; };
		3168FF5339E661CDFD98B08F /* Pods-ChaChat-ChaChatUITests.debug.xcconfig */ = {isa = PBXFileReference; includeInIndex = 1; lastKnownFileType = text.xcconfig; name = "Pods-ChaChat-ChaChatUITests.debug.xcconfig"; path = "Target Support Files/Pods-ChaChat-ChaChatUITests/Pods-ChaChat-ChaChatUITests.debug.xcconfig"; sourceTree = "<group>"; };
		360F97B2BDB2D0A535DD7057 /* Pods_ChaChat_ChaChatUITests.framework */ = {isa = PBXFileReference; explicitFileType = wrapper.framework; includeInIndex = 0; path = Pods_ChaChat_ChaChatUITests.framework; sourceTree = BUILT_PRODUCTS_DIR; };
		4E1BDDA33AC4D140F04F4828 /* Pods-ChaChat-ChaChatUITests.release.xcconfig */ = {isa = PBXFileReference; includeInIndex = 1; lastKnownFileType = text.xcconfig; name = "Pods-ChaChat-ChaChatUITests.release.xcconfig"; path = "Target Support Files/Pods-ChaChat-ChaChatUITests/Pods-ChaChat-ChaChatUITests.release.xcconfig"; sourceTree = "<group>"; };
		946BD8407FD7E46E9EC7B600 /* Pods-ChaChat.debug.xcconfig */ = {isa = PBXFileReference; includeInIndex = 1; lastKnownFileType = text.xcconfig; name = "Pods-ChaChat.debug.xcconfig"; path = "Target Support Files/Pods-ChaChat/Pods-ChaChat.debug.xcconfig"; sourceTree = "<group>"; };
		AD3EF24CEDB1C788407573E7 /* Pods_ChaChat.framework */ = {isa = PBXFileReference; explicitFileType = wrapper.framework; includeInIndex = 0; path = Pods_ChaChat.framework; sourceTree = BUILT_PRODUCTS_DIR; };
		D41291DE24E6CC110018CC03 /* ChaChat.app */ = {isa = PBXFileReference; explicitFileType = wrapper.application; includeInIndex = 0; path = ChaChat.app; sourceTree = BUILT_PRODUCTS_DIR; };
		D41291E124E6CC110018CC03 /* AppDelegate.swift */ = {isa = PBXFileReference; lastKnownFileType = sourcecode.swift; path = AppDelegate.swift; sourceTree = "<group>"; };
		D41291E324E6CC110018CC03 /* SceneDelegate.swift */ = {isa = PBXFileReference; lastKnownFileType = sourcecode.swift; path = SceneDelegate.swift; sourceTree = "<group>"; };
		D41291EA24E6CC140018CC03 /* Assets.xcassets */ = {isa = PBXFileReference; lastKnownFileType = folder.assetcatalog; path = Assets.xcassets; sourceTree = "<group>"; };
		D41291ED24E6CC140018CC03 /* Base */ = {isa = PBXFileReference; lastKnownFileType = file.storyboard; name = Base; path = Base.lproj/LaunchScreen.storyboard; sourceTree = "<group>"; };
		D41291EF24E6CC140018CC03 /* Info.plist */ = {isa = PBXFileReference; lastKnownFileType = text.plist.xml; path = Info.plist; sourceTree = "<group>"; };
		D41291F424E6CC140018CC03 /* ChaChatTests.xctest */ = {isa = PBXFileReference; explicitFileType = wrapper.cfbundle; includeInIndex = 0; path = ChaChatTests.xctest; sourceTree = BUILT_PRODUCTS_DIR; };
		D41291F824E6CC140018CC03 /* ChaChatTests.swift */ = {isa = PBXFileReference; lastKnownFileType = sourcecode.swift; path = ChaChatTests.swift; sourceTree = "<group>"; };
		D41291FA24E6CC140018CC03 /* Info.plist */ = {isa = PBXFileReference; lastKnownFileType = text.plist.xml; path = Info.plist; sourceTree = "<group>"; };
		D41291FF24E6CC140018CC03 /* ChaChatUITests.xctest */ = {isa = PBXFileReference; explicitFileType = wrapper.cfbundle; includeInIndex = 0; path = ChaChatUITests.xctest; sourceTree = BUILT_PRODUCTS_DIR; };
		D412920324E6CC140018CC03 /* ChaChatUITests.swift */ = {isa = PBXFileReference; lastKnownFileType = sourcecode.swift; path = ChaChatUITests.swift; sourceTree = "<group>"; };
		D412920524E6CC140018CC03 /* Info.plist */ = {isa = PBXFileReference; lastKnownFileType = text.plist.xml; path = Info.plist; sourceTree = "<group>"; };
		D412921324E6D0D40018CC03 /* ChatListViewController.swift */ = {isa = PBXFileReference; lastKnownFileType = sourcecode.swift; path = ChatListViewController.swift; sourceTree = "<group>"; };
		D412921524E7429C0018CC03 /* ChatList.storyboard */ = {isa = PBXFileReference; fileEncoding = 4; lastKnownFileType = file.storyboard; path = ChatList.storyboard; sourceTree = "<group>"; };
		D4A8D7D224E752340040BC11 /* ChatRoomTableViewCell.xib */ = {isa = PBXFileReference; lastKnownFileType = file.xib; path = ChatRoomTableViewCell.xib; sourceTree = "<group>"; };
		D4A8D7D424E758860040BC11 /* ChatRoomTableViewCell.swift */ = {isa = PBXFileReference; lastKnownFileType = sourcecode.swift; path = ChatRoomTableViewCell.swift; sourceTree = "<group>"; };
		D4A8D7D924E761AD0040BC11 /* ChatInputAccessoryView.xib */ = {isa = PBXFileReference; lastKnownFileType = file.xib; path = ChatInputAccessoryView.xib; sourceTree = "<group>"; };
		D4A8D7DB24E763820040BC11 /* ChatInputAccessoryView.swift */ = {isa = PBXFileReference; lastKnownFileType = sourcecode.swift; path = ChatInputAccessoryView.swift; sourceTree = "<group>"; };
		D4A8D7DD24E7D2F80040BC11 /* GoogleService-Info.plist */ = {isa = PBXFileReference; fileEncoding = 4; lastKnownFileType = text.plist.xml; path = "GoogleService-Info.plist"; sourceTree = "<group>"; };
		D4A8D81B24E7F4340040BC11 /* SignUp.storyboard */ = {isa = PBXFileReference; lastKnownFileType = file.storyboard; path = SignUp.storyboard; sourceTree = "<group>"; };
		D4A8D81D24E7F8740040BC11 /* SignUpViewController.swift */ = {isa = PBXFileReference; lastKnownFileType = sourcecode.swift; path = SignUpViewController.swift; sourceTree = "<group>"; };
		D4BDCC9924E7446E00B7910F /* UIColor-Extension.swift */ = {isa = PBXFileReference; lastKnownFileType = sourcecode.swift; path = "UIColor-Extension.swift"; sourceTree = "<group>"; };
		D4BDCC9B24E74BAE00B7910F /* ChatRoom.storyboard */ = {isa = PBXFileReference; lastKnownFileType = file.storyboard; path = ChatRoom.storyboard; sourceTree = "<group>"; };
		D4BDCC9D24E74C2600B7910F /* ChatRoomViewController.swift */ = {isa = PBXFileReference; lastKnownFileType = sourcecode.swift; path = ChatRoomViewController.swift; sourceTree = "<group>"; };
		DEF9571005C615D25A6B8A2B /* Pods-ChaChatTests.debug.xcconfig */ = {isa = PBXFileReference; includeInIndex = 1; lastKnownFileType = text.xcconfig; name = "Pods-ChaChatTests.debug.xcconfig"; path = "Target Support Files/Pods-ChaChatTests/Pods-ChaChatTests.debug.xcconfig"; sourceTree = "<group>"; };
		FF5C70EAEE78FDCE292EAB86 /* Pods-ChaChat.release.xcconfig */ = {isa = PBXFileReference; includeInIndex = 1; lastKnownFileType = text.xcconfig; name = "Pods-ChaChat.release.xcconfig"; path = "Target Support Files/Pods-ChaChat/Pods-ChaChat.release.xcconfig"; sourceTree = "<group>"; };
/* End PBXFileReference section */

/* Begin PBXFrameworksBuildPhase section */
		D41291DB24E6CC110018CC03 /* Frameworks */ = {
			isa = PBXFrameworksBuildPhase;
			buildActionMask = 2147483647;
			files = (
				3F2F6920B9AEF89A33A3A789 /* Pods_ChaChat.framework in Frameworks */,
			);
			runOnlyForDeploymentPostprocessing = 0;
		};
		D41291F124E6CC140018CC03 /* Frameworks */ = {
			isa = PBXFrameworksBuildPhase;
			buildActionMask = 2147483647;
			files = (
				521AB582D0FEA0168936244B /* Pods_ChaChatTests.framework in Frameworks */,
			);
			runOnlyForDeploymentPostprocessing = 0;
		};
		D41291FC24E6CC140018CC03 /* Frameworks */ = {
			isa = PBXFrameworksBuildPhase;
			buildActionMask = 2147483647;
			files = (
				20478060F86F63EB1526DA6E /* Pods_ChaChat_ChaChatUITests.framework in Frameworks */,
			);
			runOnlyForDeploymentPostprocessing = 0;
		};
/* End PBXFrameworksBuildPhase section */

/* Begin PBXGroup section */
		5B778B4CA04D7ABE27117B1D /* Frameworks */ = {
			isa = PBXGroup;
			children = (
				AD3EF24CEDB1C788407573E7 /* Pods_ChaChat.framework */,
				360F97B2BDB2D0A535DD7057 /* Pods_ChaChat_ChaChatUITests.framework */,
				2A64B1087CE45058FD57BAD8 /* Pods_ChaChatTests.framework */,
			);
			name = Frameworks;
			sourceTree = "<group>";
		};
		5C2C9E0A4B3F4D1B8DE4ACDD /* Pods */ = {
			isa = PBXGroup;
			children = (
				946BD8407FD7E46E9EC7B600 /* Pods-ChaChat.debug.xcconfig */,
				FF5C70EAEE78FDCE292EAB86 /* Pods-ChaChat.release.xcconfig */,
				3168FF5339E661CDFD98B08F /* Pods-ChaChat-ChaChatUITests.debug.xcconfig */,
				4E1BDDA33AC4D140F04F4828 /* Pods-ChaChat-ChaChatUITests.release.xcconfig */,
				DEF9571005C615D25A6B8A2B /* Pods-ChaChatTests.debug.xcconfig */,
				0592BEEAFF4B755FC60047F7 /* Pods-ChaChatTests.release.xcconfig */,
			);
			path = Pods;
			sourceTree = "<group>";
		};
		D41291D524E6CC110018CC03 = {
			isa = PBXGroup;
			children = (
				D41291E024E6CC110018CC03 /* ChaChat */,
				D41291F724E6CC140018CC03 /* ChaChatTests */,
				D412920224E6CC140018CC03 /* ChaChatUITests */,
				D41291DF24E6CC110018CC03 /* Products */,
				5C2C9E0A4B3F4D1B8DE4ACDD /* Pods */,
				5B778B4CA04D7ABE27117B1D /* Frameworks */,
			);
			sourceTree = "<group>";
		};
		D41291DF24E6CC110018CC03 /* Products */ = {
			isa = PBXGroup;
			children = (
				D41291DE24E6CC110018CC03 /* ChaChat.app */,
				D41291F424E6CC140018CC03 /* ChaChatTests.xctest */,
				D41291FF24E6CC140018CC03 /* ChaChatUITests.xctest */,
			);
			name = Products;
			sourceTree = "<group>";
		};
		D41291E024E6CC110018CC03 /* ChaChat */ = {
			isa = PBXGroup;
			children = (
				D4A8D7D824E761690040BC11 /* Extensions */,
				D4A8D7D724E7615A0040BC11 /* Views */,
				D4A8D7D624E761400040BC11 /* Xibs */,
				D4BDCC9824E743E200B7910F /* StoryBoards */,
				D4BDCC9724E743CC00B7910F /* Controllers */,
				D41291E124E6CC110018CC03 /* AppDelegate.swift */,
				D41291E324E6CC110018CC03 /* SceneDelegate.swift */,
				D41291EA24E6CC140018CC03 /* Assets.xcassets */,
				D41291EC24E6CC140018CC03 /* LaunchScreen.storyboard */,
				D41291EF24E6CC140018CC03 /* Info.plist */,
				D4A8D7DD24E7D2F80040BC11 /* GoogleService-Info.plist */,
			);
			path = ChaChat;
			sourceTree = "<group>";
		};
		D41291F724E6CC140018CC03 /* ChaChatTests */ = {
			isa = PBXGroup;
			children = (
				D41291F824E6CC140018CC03 /* ChaChatTests.swift */,
				D41291FA24E6CC140018CC03 /* Info.plist */,
			);
			path = ChaChatTests;
			sourceTree = "<group>";
		};
		D412920224E6CC140018CC03 /* ChaChatUITests */ = {
			isa = PBXGroup;
			children = (
				D412920324E6CC140018CC03 /* ChaChatUITests.swift */,
				D412920524E6CC140018CC03 /* Info.plist */,
			);
			path = ChaChatUITests;
			sourceTree = "<group>";
		};
		D4A8D7D624E761400040BC11 /* Xibs */ = {
			isa = PBXGroup;
			children = (
				D4A8D7D224E752340040BC11 /* ChatRoomTableViewCell.xib */,
				D4A8D7D924E761AD0040BC11 /* ChatInputAccessoryView.xib */,
			);
			path = Xibs;
			sourceTree = "<group>";
		};
		D4A8D7D724E7615A0040BC11 /* Views */ = {
			isa = PBXGroup;
			children = (
				D4A8D7D424E758860040BC11 /* ChatRoomTableViewCell.swift */,
				D4A8D7DB24E763820040BC11 /* ChatInputAccessoryView.swift */,
			);
			path = Views;
			sourceTree = "<group>";
		};
		D4A8D7D824E761690040BC11 /* Extensions */ = {
			isa = PBXGroup;
			children = (
				D4BDCC9924E7446E00B7910F /* UIColor-Extension.swift */,
			);
			path = Extensions;
			sourceTree = "<group>";
		};
		D4BDCC9724E743CC00B7910F /* Controllers */ = {
			isa = PBXGroup;
			children = (
				D412921324E6D0D40018CC03 /* ChatListViewController.swift */,
				D4BDCC9D24E74C2600B7910F /* ChatRoomViewController.swift */,
				D4A8D81D24E7F8740040BC11 /* SignUpViewController.swift */,
			);
			path = Controllers;
			sourceTree = "<group>";
		};
		D4BDCC9824E743E200B7910F /* StoryBoards */ = {
			isa = PBXGroup;
			children = (
				D412921524E7429C0018CC03 /* ChatList.storyboard */,
				D4BDCC9B24E74BAE00B7910F /* ChatRoom.storyboard */,
				D4A8D81B24E7F4340040BC11 /* SignUp.storyboard */,
			);
			path = StoryBoards;
			sourceTree = "<group>";
		};
/* End PBXGroup section */

/* Begin PBXNativeTarget section */
		D41291DD24E6CC110018CC03 /* ChaChat */ = {
			isa = PBXNativeTarget;
			buildConfigurationList = D412920824E6CC140018CC03 /* Build configuration list for PBXNativeTarget "ChaChat" */;
			buildPhases = (
				7CB5423F8023E572C7902AC9 /* [CP] Check Pods Manifest.lock */,
				D41291DA24E6CC110018CC03 /* Sources */,
				D41291DB24E6CC110018CC03 /* Frameworks */,
				D41291DC24E6CC110018CC03 /* Resources */,
				E8056BE397ABEC91349677EA /* [CP] Embed Pods Frameworks */,
			);
			buildRules = (
			);
			dependencies = (
			);
			name = ChaChat;
			productName = ChaChat;
			productReference = D41291DE24E6CC110018CC03 /* ChaChat.app */;
			productType = "com.apple.product-type.application";
		};
		D41291F324E6CC140018CC03 /* ChaChatTests */ = {
			isa = PBXNativeTarget;
			buildConfigurationList = D412920B24E6CC140018CC03 /* Build configuration list for PBXNativeTarget "ChaChatTests" */;
			buildPhases = (
				F9138F224DB8294A2D1C6A9F /* [CP] Check Pods Manifest.lock */,
				D41291F024E6CC140018CC03 /* Sources */,
				D41291F124E6CC140018CC03 /* Frameworks */,
				D41291F224E6CC140018CC03 /* Resources */,
			);
			buildRules = (
			);
			dependencies = (
				D41291F624E6CC140018CC03 /* PBXTargetDependency */,
			);
			name = ChaChatTests;
			productName = ChaChatTests;
			productReference = D41291F424E6CC140018CC03 /* ChaChatTests.xctest */;
			productType = "com.apple.product-type.bundle.unit-test";
		};
		D41291FE24E6CC140018CC03 /* ChaChatUITests */ = {
			isa = PBXNativeTarget;
			buildConfigurationList = D412920E24E6CC140018CC03 /* Build configuration list for PBXNativeTarget "ChaChatUITests" */;
			buildPhases = (
				EC1346232615F0F4A69AFCF9 /* [CP] Check Pods Manifest.lock */,
				D41291FB24E6CC140018CC03 /* Sources */,
				D41291FC24E6CC140018CC03 /* Frameworks */,
				D41291FD24E6CC140018CC03 /* Resources */,
				EA41C8401C667B92ADF05DDD /* [CP] Embed Pods Frameworks */,
			);
			buildRules = (
			);
			dependencies = (
				D412920124E6CC140018CC03 /* PBXTargetDependency */,
			);
			name = ChaChatUITests;
			productName = ChaChatUITests;
			productReference = D41291FF24E6CC140018CC03 /* ChaChatUITests.xctest */;
			productType = "com.apple.product-type.bundle.ui-testing";
		};
/* End PBXNativeTarget section */

/* Begin PBXProject section */
		D41291D624E6CC110018CC03 /* Project object */ = {
			isa = PBXProject;
			attributes = {
				LastSwiftUpdateCheck = 1160;
				LastUpgradeCheck = 1160;
				ORGANIZATIONNAME = sueko14;
				TargetAttributes = {
					D41291DD24E6CC110018CC03 = {
						CreatedOnToolsVersion = 11.6;
					};
					D41291F324E6CC140018CC03 = {
						CreatedOnToolsVersion = 11.6;
						TestTargetID = D41291DD24E6CC110018CC03;
					};
					D41291FE24E6CC140018CC03 = {
						CreatedOnToolsVersion = 11.6;
						TestTargetID = D41291DD24E6CC110018CC03;
					};
				};
			};
			buildConfigurationList = D41291D924E6CC110018CC03 /* Build configuration list for PBXProject "ChaChat" */;
			compatibilityVersion = "Xcode 9.3";
			developmentRegion = en;
			hasScannedForEncodings = 0;
			knownRegions = (
				en,
				Base,
			);
			mainGroup = D41291D524E6CC110018CC03;
			productRefGroup = D41291DF24E6CC110018CC03 /* Products */;
			projectDirPath = "";
			projectRoot = "";
			targets = (
				D41291DD24E6CC110018CC03 /* ChaChat */,
				D41291F324E6CC140018CC03 /* ChaChatTests */,
				D41291FE24E6CC140018CC03 /* ChaChatUITests */,
			);
		};
/* End PBXProject section */

/* Begin PBXResourcesBuildPhase section */
		D41291DC24E6CC110018CC03 /* Resources */ = {
			isa = PBXResourcesBuildPhase;
			buildActionMask = 2147483647;
			files = (
				D4A8D7D324E752340040BC11 /* ChatRoomTableViewCell.xib in Resources */,
				D41291EE24E6CC140018CC03 /* LaunchScreen.storyboard in Resources */,
				D41291EB24E6CC140018CC03 /* Assets.xcassets in Resources */,
				D412921624E7429C0018CC03 /* ChatList.storyboard in Resources */,
				D4A8D7DA24E761AD0040BC11 /* ChatInputAccessoryView.xib in Resources */,
				D4BDCC9C24E74BAE00B7910F /* ChatRoom.storyboard in Resources */,
				D4A8D81C24E7F4340040BC11 /* SignUp.storyboard in Resources */,
				D4A8D7DE24E7D2F80040BC11 /* GoogleService-Info.plist in Resources */,
			);
			runOnlyForDeploymentPostprocessing = 0;
		};
		D41291F224E6CC140018CC03 /* Resources */ = {
			isa = PBXResourcesBuildPhase;
			buildActionMask = 2147483647;
			files = (
			);
			runOnlyForDeploymentPostprocessing = 0;
		};
		D41291FD24E6CC140018CC03 /* Resources */ = {
			isa = PBXResourcesBuildPhase;
			buildActionMask = 2147483647;
			files = (
			);
			runOnlyForDeploymentPostprocessing = 0;
		};
/* End PBXResourcesBuildPhase section */

/* Begin PBXShellScriptBuildPhase section */
		7CB5423F8023E572C7902AC9 /* [CP] Check Pods Manifest.lock */ = {
			isa = PBXShellScriptBuildPhase;
			buildActionMask = 2147483647;
			files = (
			);
			inputFileListPaths = (
			);
			inputPaths = (
				"${PODS_PODFILE_DIR_PATH}/Podfile.lock",
				"${PODS_ROOT}/Manifest.lock",
			);
			name = "[CP] Check Pods Manifest.lock";
			outputFileListPaths = (
			);
			outputPaths = (
				"$(DERIVED_FILE_DIR)/Pods-ChaChat-checkManifestLockResult.txt",
			);
			runOnlyForDeploymentPostprocessing = 0;
			shellPath = /bin/sh;
			shellScript = "diff \"${PODS_PODFILE_DIR_PATH}/Podfile.lock\" \"${PODS_ROOT}/Manifest.lock\" > /dev/null\nif [ $? != 0 ] ; then\n    # print error to STDERR\n    echo \"error: The sandbox is not in sync with the Podfile.lock. Run 'pod install' or update your CocoaPods installation.\" >&2\n    exit 1\nfi\n# This output is used by Xcode 'outputs' to avoid re-running this script phase.\necho \"SUCCESS\" > \"${SCRIPT_OUTPUT_FILE_0}\"\n";
			showEnvVarsInLog = 0;
		};
		E8056BE397ABEC91349677EA /* [CP] Embed Pods Frameworks */ = {
			isa = PBXShellScriptBuildPhase;
			buildActionMask = 2147483647;
			files = (
			);
			inputFileListPaths = (
				"${PODS_ROOT}/Target Support Files/Pods-ChaChat/Pods-ChaChat-frameworks-${CONFIGURATION}-input-files.xcfilelist",
			);
			name = "[CP] Embed Pods Frameworks";
			outputFileListPaths = (
				"${PODS_ROOT}/Target Support Files/Pods-ChaChat/Pods-ChaChat-frameworks-${CONFIGURATION}-output-files.xcfilelist",
			);
			runOnlyForDeploymentPostprocessing = 0;
			shellPath = /bin/sh;
			shellScript = "\"${PODS_ROOT}/Target Support Files/Pods-ChaChat/Pods-ChaChat-frameworks.sh\"\n";
			showEnvVarsInLog = 0;
		};
		EA41C8401C667B92ADF05DDD /* [CP] Embed Pods Frameworks */ = {
			isa = PBXShellScriptBuildPhase;
			buildActionMask = 2147483647;
			files = (
			);
			inputFileListPaths = (
				"${PODS_ROOT}/Target Support Files/Pods-ChaChat-ChaChatUITests/Pods-ChaChat-ChaChatUITests-frameworks-${CONFIGURATION}-input-files.xcfilelist",
			);
			name = "[CP] Embed Pods Frameworks";
			outputFileListPaths = (
				"${PODS_ROOT}/Target Support Files/Pods-ChaChat-ChaChatUITests/Pods-ChaChat-ChaChatUITests-frameworks-${CONFIGURATION}-output-files.xcfilelist",
			);
			runOnlyForDeploymentPostprocessing = 0;
			shellPath = /bin/sh;
			shellScript = "\"${PODS_ROOT}/Target Support Files/Pods-ChaChat-ChaChatUITests/Pods-ChaChat-ChaChatUITests-frameworks.sh\"\n";
			showEnvVarsInLog = 0;
		};
		EC1346232615F0F4A69AFCF9 /* [CP] Check Pods Manifest.lock */ = {
			isa = PBXShellScriptBuildPhase;
			buildActionMask = 2147483647;
			files = (
			);
			inputFileListPaths = (
			);
			inputPaths = (
				"${PODS_PODFILE_DIR_PATH}/Podfile.lock",
				"${PODS_ROOT}/Manifest.lock",
			);
			name = "[CP] Check Pods Manifest.lock";
			outputFileListPaths = (
			);
			outputPaths = (
				"$(DERIVED_FILE_DIR)/Pods-ChaChat-ChaChatUITests-checkManifestLockResult.txt",
			);
			runOnlyForDeploymentPostprocessing = 0;
			shellPath = /bin/sh;
			shellScript = "diff \"${PODS_PODFILE_DIR_PATH}/Podfile.lock\" \"${PODS_ROOT}/Manifest.lock\" > /dev/null\nif [ $? != 0 ] ; then\n    # print error to STDERR\n    echo \"error: The sandbox is not in sync with the Podfile.lock. Run 'pod install' or update your CocoaPods installation.\" >&2\n    exit 1\nfi\n# This output is used by Xcode 'outputs' to avoid re-running this script phase.\necho \"SUCCESS\" > \"${SCRIPT_OUTPUT_FILE_0}\"\n";
			showEnvVarsInLog = 0;
		};
		F9138F224DB8294A2D1C6A9F /* [CP] Check Pods Manifest.lock */ = {
			isa = PBXShellScriptBuildPhase;
			buildActionMask = 2147483647;
			files = (
			);
			inputFileListPaths = (
			);
			inputPaths = (
				"${PODS_PODFILE_DIR_PATH}/Podfile.lock",
				"${PODS_ROOT}/Manifest.lock",
			);
			name = "[CP] Check Pods Manifest.lock";
			outputFileListPaths = (
			);
			outputPaths = (
				"$(DERIVED_FILE_DIR)/Pods-ChaChatTests-checkManifestLockResult.txt",
			);
			runOnlyForDeploymentPostprocessing = 0;
			shellPath = /bin/sh;
			shellScript = "diff \"${PODS_PODFILE_DIR_PATH}/Podfile.lock\" \"${PODS_ROOT}/Manifest.lock\" > /dev/null\nif [ $? != 0 ] ; then\n    # print error to STDERR\n    echo \"error: The sandbox is not in sync with the Podfile.lock. Run 'pod install' or update your CocoaPods installation.\" >&2\n    exit 1\nfi\n# This output is used by Xcode 'outputs' to avoid re-running this script phase.\necho \"SUCCESS\" > \"${SCRIPT_OUTPUT_FILE_0}\"\n";
			showEnvVarsInLog = 0;
		};
/* End PBXShellScriptBuildPhase section */

/* Begin PBXSourcesBuildPhase section */
		D41291DA24E6CC110018CC03 /* Sources */ = {
			isa = PBXSourcesBuildPhase;
			buildActionMask = 2147483647;
			files = (
				D41291E224E6CC110018CC03 /* AppDelegate.swift in Sources */,
				D4A8D7DC24E763820040BC11 /* ChatInputAccessoryView.swift in Sources */,
				D4A8D81E24E7F8740040BC11 /* SignUpViewController.swift in Sources */,
				D4BDCC9A24E7446E00B7910F /* UIColor-Extension.swift in Sources */,
				D4BDCC9E24E74C2600B7910F /* ChatRoomViewController.swift in Sources */,
				D412921424E6D0D40018CC03 /* ChatListViewController.swift in Sources */,
				D4A8D7D524E758860040BC11 /* ChatRoomTableViewCell.swift in Sources */,
				D41291E424E6CC110018CC03 /* SceneDelegate.swift in Sources */,
			);
			runOnlyForDeploymentPostprocessing = 0;
		};
		D41291F024E6CC140018CC03 /* Sources */ = {
			isa = PBXSourcesBuildPhase;
			buildActionMask = 2147483647;
			files = (
				D41291F924E6CC140018CC03 /* ChaChatTests.swift in Sources */,
			);
			runOnlyForDeploymentPostprocessing = 0;
		};
		D41291FB24E6CC140018CC03 /* Sources */ = {
			isa = PBXSourcesBuildPhase;
			buildActionMask = 2147483647;
			files = (
				D412920424E6CC140018CC03 /* ChaChatUITests.swift in Sources */,
			);
			runOnlyForDeploymentPostprocessing = 0;
		};
/* End PBXSourcesBuildPhase section */

/* Begin PBXTargetDependency section */
		D41291F624E6CC140018CC03 /* PBXTargetDependency */ = {
			isa = PBXTargetDependency;
			target = D41291DD24E6CC110018CC03 /* ChaChat */;
			targetProxy = D41291F524E6CC140018CC03 /* PBXContainerItemProxy */;
		};
		D412920124E6CC140018CC03 /* PBXTargetDependency */ = {
			isa = PBXTargetDependency;
			target = D41291DD24E6CC110018CC03 /* ChaChat */;
			targetProxy = D412920024E6CC140018CC03 /* PBXContainerItemProxy */;
		};
/* End PBXTargetDependency section */

/* Begin PBXVariantGroup section */
		D41291EC24E6CC140018CC03 /* LaunchScreen.storyboard */ = {
			isa = PBXVariantGroup;
			children = (
				D41291ED24E6CC140018CC03 /* Base */,
			);
			name = LaunchScreen.storyboard;
			sourceTree = "<group>";
		};
/* End PBXVariantGroup section */

/* Begin XCBuildConfiguration section */
		D412920624E6CC140018CC03 /* Debug */ = {
			isa = XCBuildConfiguration;
			buildSettings = {
				ALWAYS_SEARCH_USER_PATHS = NO;
				CLANG_ANALYZER_NONNULL = YES;
				CLANG_ANALYZER_NUMBER_OBJECT_CONVERSION = YES_AGGRESSIVE;
				CLANG_CXX_LANGUAGE_STANDARD = "gnu++14";
				CLANG_CXX_LIBRARY = "libc++";
				CLANG_ENABLE_MODULES = YES;
				CLANG_ENABLE_OBJC_ARC = YES;
				CLANG_ENABLE_OBJC_WEAK = YES;
				CLANG_WARN_BLOCK_CAPTURE_AUTORELEASING = YES;
				CLANG_WARN_BOOL_CONVERSION = YES;
				CLANG_WARN_COMMA = YES;
				CLANG_WARN_CONSTANT_CONVERSION = YES;
				CLANG_WARN_DEPRECATED_OBJC_IMPLEMENTATIONS = YES;
				CLANG_WARN_DIRECT_OBJC_ISA_USAGE = YES_ERROR;
				CLANG_WARN_DOCUMENTATION_COMMENTS = YES;
				CLANG_WARN_EMPTY_BODY = YES;
				CLANG_WARN_ENUM_CONVERSION = YES;
				CLANG_WARN_INFINITE_RECURSION = YES;
				CLANG_WARN_INT_CONVERSION = YES;
				CLANG_WARN_NON_LITERAL_NULL_CONVERSION = YES;
				CLANG_WARN_OBJC_IMPLICIT_RETAIN_SELF = YES;
				CLANG_WARN_OBJC_LITERAL_CONVERSION = YES;
				CLANG_WARN_OBJC_ROOT_CLASS = YES_ERROR;
				CLANG_WARN_RANGE_LOOP_ANALYSIS = YES;
				CLANG_WARN_STRICT_PROTOTYPES = YES;
				CLANG_WARN_SUSPICIOUS_MOVE = YES;
				CLANG_WARN_UNGUARDED_AVAILABILITY = YES_AGGRESSIVE;
				CLANG_WARN_UNREACHABLE_CODE = YES;
				CLANG_WARN__DUPLICATE_METHOD_MATCH = YES;
				COPY_PHASE_STRIP = NO;
				DEBUG_INFORMATION_FORMAT = dwarf;
				ENABLE_STRICT_OBJC_MSGSEND = YES;
				ENABLE_TESTABILITY = YES;
				GCC_C_LANGUAGE_STANDARD = gnu11;
				GCC_DYNAMIC_NO_PIC = NO;
				GCC_NO_COMMON_BLOCKS = YES;
				GCC_OPTIMIZATION_LEVEL = 0;
				GCC_PREPROCESSOR_DEFINITIONS = (
					"DEBUG=1",
					"$(inherited)",
				);
				GCC_WARN_64_TO_32_BIT_CONVERSION = YES;
				GCC_WARN_ABOUT_RETURN_TYPE = YES_ERROR;
				GCC_WARN_UNDECLARED_SELECTOR = YES;
				GCC_WARN_UNINITIALIZED_AUTOS = YES_AGGRESSIVE;
				GCC_WARN_UNUSED_FUNCTION = YES;
				GCC_WARN_UNUSED_VARIABLE = YES;
				IPHONEOS_DEPLOYMENT_TARGET = 13.6;
				MTL_ENABLE_DEBUG_INFO = INCLUDE_SOURCE;
				MTL_FAST_MATH = YES;
				ONLY_ACTIVE_ARCH = YES;
				SDKROOT = iphoneos;
				SWIFT_ACTIVE_COMPILATION_CONDITIONS = DEBUG;
				SWIFT_OPTIMIZATION_LEVEL = "-Onone";
			};
			name = Debug;
		};
		D412920724E6CC140018CC03 /* Release */ = {
			isa = XCBuildConfiguration;
			buildSettings = {
				ALWAYS_SEARCH_USER_PATHS = NO;
				CLANG_ANALYZER_NONNULL = YES;
				CLANG_ANALYZER_NUMBER_OBJECT_CONVERSION = YES_AGGRESSIVE;
				CLANG_CXX_LANGUAGE_STANDARD = "gnu++14";
				CLANG_CXX_LIBRARY = "libc++";
				CLANG_ENABLE_MODULES = YES;
				CLANG_ENABLE_OBJC_ARC = YES;
				CLANG_ENABLE_OBJC_WEAK = YES;
				CLANG_WARN_BLOCK_CAPTURE_AUTORELEASING = YES;
				CLANG_WARN_BOOL_CONVERSION = YES;
				CLANG_WARN_COMMA = YES;
				CLANG_WARN_CONSTANT_CONVERSION = YES;
				CLANG_WARN_DEPRECATED_OBJC_IMPLEMENTATIONS = YES;
				CLANG_WARN_DIRECT_OBJC_ISA_USAGE = YES_ERROR;
				CLANG_WARN_DOCUMENTATION_COMMENTS = YES;
				CLANG_WARN_EMPTY_BODY = YES;
				CLANG_WARN_ENUM_CONVERSION = YES;
				CLANG_WARN_INFINITE_RECURSION = YES;
				CLANG_WARN_INT_CONVERSION = YES;
				CLANG_WARN_NON_LITERAL_NULL_CONVERSION = YES;
				CLANG_WARN_OBJC_IMPLICIT_RETAIN_SELF = YES;
				CLANG_WARN_OBJC_LITERAL_CONVERSION = YES;
				CLANG_WARN_OBJC_ROOT_CLASS = YES_ERROR;
				CLANG_WARN_RANGE_LOOP_ANALYSIS = YES;
				CLANG_WARN_STRICT_PROTOTYPES = YES;
				CLANG_WARN_SUSPICIOUS_MOVE = YES;
				CLANG_WARN_UNGUARDED_AVAILABILITY = YES_AGGRESSIVE;
				CLANG_WARN_UNREACHABLE_CODE = YES;
				CLANG_WARN__DUPLICATE_METHOD_MATCH = YES;
				COPY_PHASE_STRIP = NO;
				DEBUG_INFORMATION_FORMAT = "dwarf-with-dsym";
				ENABLE_NS_ASSERTIONS = NO;
				ENABLE_STRICT_OBJC_MSGSEND = YES;
				GCC_C_LANGUAGE_STANDARD = gnu11;
				GCC_NO_COMMON_BLOCKS = YES;
				GCC_WARN_64_TO_32_BIT_CONVERSION = YES;
				GCC_WARN_ABOUT_RETURN_TYPE = YES_ERROR;
				GCC_WARN_UNDECLARED_SELECTOR = YES;
				GCC_WARN_UNINITIALIZED_AUTOS = YES_AGGRESSIVE;
				GCC_WARN_UNUSED_FUNCTION = YES;
				GCC_WARN_UNUSED_VARIABLE = YES;
				IPHONEOS_DEPLOYMENT_TARGET = 13.6;
				MTL_ENABLE_DEBUG_INFO = NO;
				MTL_FAST_MATH = YES;
				SDKROOT = iphoneos;
				SWIFT_COMPILATION_MODE = wholemodule;
				SWIFT_OPTIMIZATION_LEVEL = "-O";
				VALIDATE_PRODUCT = YES;
			};
			name = Release;
		};
		D412920924E6CC140018CC03 /* Debug */ = {
			isa = XCBuildConfiguration;
			baseConfigurationReference = 946BD8407FD7E46E9EC7B600 /* Pods-ChaChat.debug.xcconfig */;
			buildSettings = {
				ASSETCATALOG_COMPILER_APPICON_NAME = AppIcon;
				CODE_SIGN_STYLE = Automatic;
				DEVELOPMENT_TEAM = 26Q6N3W2Q5;
				INFOPLIST_FILE = ChaChat/Info.plist;
				LD_RUNPATH_SEARCH_PATHS = (
					"$(inherited)",
					"@executable_path/Frameworks",
				);
				PRODUCT_BUNDLE_IDENTIFIER = com.sueko14.ChaChat;
				PRODUCT_NAME = "$(TARGET_NAME)";
				SWIFT_VERSION = 5.0;
				TARGETED_DEVICE_FAMILY = "1,2";
			};
			name = Debug;
		};
		D412920A24E6CC140018CC03 /* Release */ = {
			isa = XCBuildConfiguration;
			baseConfigurationReference = FF5C70EAEE78FDCE292EAB86 /* Pods-ChaChat.release.xcconfig */;
			buildSettings = {
				ASSETCATALOG_COMPILER_APPICON_NAME = AppIcon;
				CODE_SIGN_STYLE = Automatic;
				DEVELOPMENT_TEAM = 26Q6N3W2Q5;
				INFOPLIST_FILE = ChaChat/Info.plist;
				LD_RUNPATH_SEARCH_PATHS = (
					"$(inherited)",
					"@executable_path/Frameworks",
				);
				PRODUCT_BUNDLE_IDENTIFIER = com.sueko14.ChaChat;
				PRODUCT_NAME = "$(TARGET_NAME)";
				SWIFT_VERSION = 5.0;
				TARGETED_DEVICE_FAMILY = "1,2";
			};
			name = Release;
		};
		D412920C24E6CC140018CC03 /* Debug */ = {
			isa = XCBuildConfiguration;
			baseConfigurationReference = DEF9571005C615D25A6B8A2B /* Pods-ChaChatTests.debug.xcconfig */;
			buildSettings = {
				ALWAYS_EMBED_SWIFT_STANDARD_LIBRARIES = YES;
				BUNDLE_LOADER = "$(TEST_HOST)";
				CODE_SIGN_STYLE = Automatic;
				DEVELOPMENT_TEAM = 26Q6N3W2Q5;
				INFOPLIST_FILE = ChaChatTests/Info.plist;
				IPHONEOS_DEPLOYMENT_TARGET = 13.6;
				LD_RUNPATH_SEARCH_PATHS = (
					"$(inherited)",
					"@executable_path/Frameworks",
					"@loader_path/Frameworks",
				);
				PRODUCT_BUNDLE_IDENTIFIER = com.sueko14.ChaChatTests;
				PRODUCT_NAME = "$(TARGET_NAME)";
				SWIFT_VERSION = 5.0;
				TARGETED_DEVICE_FAMILY = "1,2";
				TEST_HOST = "$(BUILT_PRODUCTS_DIR)/ChaChat.app/ChaChat";
			};
			name = Debug;
		};
		D412920D24E6CC140018CC03 /* Release */ = {
			isa = XCBuildConfiguration;
			baseConfigurationReference = 0592BEEAFF4B755FC60047F7 /* Pods-ChaChatTests.release.xcconfig */;
			buildSettings = {
				ALWAYS_EMBED_SWIFT_STANDARD_LIBRARIES = YES;
				BUNDLE_LOADER = "$(TEST_HOST)";
				CODE_SIGN_STYLE = Automatic;
				DEVELOPMENT_TEAM = 26Q6N3W2Q5;
				INFOPLIST_FILE = ChaChatTests/Info.plist;
				IPHONEOS_DEPLOYMENT_TARGET = 13.6;
				LD_RUNPATH_SEARCH_PATHS = (
					"$(inherited)",
					"@executable_path/Frameworks",
					"@loader_path/Frameworks",
				);
				PRODUCT_BUNDLE_IDENTIFIER = com.sueko14.ChaChatTests;
				PRODUCT_NAME = "$(TARGET_NAME)";
				SWIFT_VERSION = 5.0;
				TARGETED_DEVICE_FAMILY = "1,2";
				TEST_HOST = "$(BUILT_PRODUCTS_DIR)/ChaChat.app/ChaChat";
			};
			name = Release;
		};
		D412920F24E6CC140018CC03 /* Debug */ = {
			isa = XCBuildConfiguration;
			baseConfigurationReference = 3168FF5339E661CDFD98B08F /* Pods-ChaChat-ChaChatUITests.debug.xcconfig */;
			buildSettings = {
				ALWAYS_EMBED_SWIFT_STANDARD_LIBRARIES = YES;
				CODE_SIGN_STYLE = Automatic;
				DEVELOPMENT_TEAM = 26Q6N3W2Q5;
				INFOPLIST_FILE = ChaChatUITests/Info.plist;
				LD_RUNPATH_SEARCH_PATHS = (
					"$(inherited)",
					"@executable_path/Frameworks",
					"@loader_path/Frameworks",
				);
				PRODUCT_BUNDLE_IDENTIFIER = com.sueko14.ChaChatUITests;
				PRODUCT_NAME = "$(TARGET_NAME)";
				SWIFT_VERSION = 5.0;
				TARGETED_DEVICE_FAMILY = "1,2";
				TEST_TARGET_NAME = ChaChat;
			};
			name = Debug;
		};
		D412921024E6CC140018CC03 /* Release */ = {
			isa = XCBuildConfiguration;
			baseConfigurationReference = 4E1BDDA33AC4D140F04F4828 /* Pods-ChaChat-ChaChatUITests.release.xcconfig */;
			buildSettings = {
				ALWAYS_EMBED_SWIFT_STANDARD_LIBRARIES = YES;
				CODE_SIGN_STYLE = Automatic;
				DEVELOPMENT_TEAM = 26Q6N3W2Q5;
				INFOPLIST_FILE = ChaChatUITests/Info.plist;
				LD_RUNPATH_SEARCH_PATHS = (
					"$(inherited)",
					"@executable_path/Frameworks",
					"@loader_path/Frameworks",
				);
				PRODUCT_BUNDLE_IDENTIFIER = com.sueko14.ChaChatUITests;
				PRODUCT_NAME = "$(TARGET_NAME)";
				SWIFT_VERSION = 5.0;
				TARGETED_DEVICE_FAMILY = "1,2";
				TEST_TARGET_NAME = ChaChat;
			};
			name = Release;
		};
/* End XCBuildConfiguration section */

/* Begin XCConfigurationList section */
		D41291D924E6CC110018CC03 /* Build configuration list for PBXProject "ChaChat" */ = {
			isa = XCConfigurationList;
			buildConfigurations = (
				D412920624E6CC140018CC03 /* Debug */,
				D412920724E6CC140018CC03 /* Release */,
			);
			defaultConfigurationIsVisible = 0;
			defaultConfigurationName = Release;
		};
		D412920824E6CC140018CC03 /* Build configuration list for PBXNativeTarget "ChaChat" */ = {
			isa = XCConfigurationList;
			buildConfigurations = (
				D412920924E6CC140018CC03 /* Debug */,
				D412920A24E6CC140018CC03 /* Release */,
			);
			defaultConfigurationIsVisible = 0;
			defaultConfigurationName = Release;
		};
		D412920B24E6CC140018CC03 /* Build configuration list for PBXNativeTarget "ChaChatTests" */ = {
			isa = XCConfigurationList;
			buildConfigurations = (
				D412920C24E6CC140018CC03 /* Debug */,
				D412920D24E6CC140018CC03 /* Release */,
			);
			defaultConfigurationIsVisible = 0;
			defaultConfigurationName = Release;
		};
		D412920E24E6CC140018CC03 /* Build configuration list for PBXNativeTarget "ChaChatUITests" */ = {
			isa = XCConfigurationList;
			buildConfigurations = (
				D412920F24E6CC140018CC03 /* Debug */,
				D412921024E6CC140018CC03 /* Release */,
			);
			defaultConfigurationIsVisible = 0;
			defaultConfigurationName = Release;
		};
/* End XCConfigurationList section */
	};
	rootObject = D41291D624E6CC110018CC03 /* Project object */;
}
